
Microsoft Visual Studio Solution File, Format Version 12.00
# Visual Studio Version 17
VisualStudioVersion = 17.13.35913.81
MinimumVisualStudioVersion = 10.0.40219.1
Project("{FAE04EC0-301F-11D3-BF4B-00C04F79EFBC}") = "Soa-ApiRestFul-Multiplataforma", "Soa-ApiRestFul-Multiplataforma.csproj", "{82A23D48-56B7-4F9A-9F07-F2E4AB033563}"
EndProject
Project("{FAE04EC0-301F-11D3-BF4B-00C04F79EFBC}") = "ApiPedidos", "ApiPedidos\ApiPedidos.csproj", "{12C5A403-1339-495F-95B2-C39BCF200257}"
EndProject
Project("{FAE04EC0-301F-11D3-BF4B-00C04F79EFBC}") = "ApiCliente", "..\ApiCliente\ApiCliente.csproj", "{3267DB1D-B0A4-409A-AE93-2A330BEBB0CE}"
EndProject
Global
	GlobalSection(SolutionConfigurationPlatforms) = preSolution
		Debug|Any CPU = Debug|Any CPU
		Release|Any CPU = Release|Any CPU
	EndGlobalSection
	GlobalSection(ProjectConfigurationPlatforms) = postSolution
		{82A23D48-56B7-4F9A-9F07-F2E4AB033563}.Debug|Any CPU.ActiveCfg = Debug|Any CPU
		{82A23D48-56B7-4F9A-9F07-F2E4AB033563}.Debug|Any CPU.Build.0 = Debug|Any CPU
		{82A23D48-56B7-4F9A-9F07-F2E4AB033563}.Release|Any CPU.ActiveCfg = Release|Any CPU
		{82A23D48-56B7-4F9A-9F07-F2E4AB033563}.Release|Any CPU.Build.0 = Release|Any CPU
		{12C5A403-1339-495F-95B2-C39BCF200257}.Debug|Any CPU.ActiveCfg = Debug|Any CPU
		{12C5A403-1339-495F-95B2-C39BCF200257}.Debug|Any CPU.Build.0 = Debug|Any CPU
		{12C5A403-1339-495F-95B2-C39BCF200257}.Release|Any CPU.ActiveCfg = Release|Any CPU
		{12C5A403-1339-495F-95B2-C39BCF200257}.Release|Any CPU.Build.0 = Release|Any CPU
		{3267DB1D-B0A4-409A-AE93-2A330BEBB0CE}.Debug|Any CPU.ActiveCfg = Debug|Any CPU
		{3267DB1D-B0A4-409A-AE93-2A330BEBB0CE}.Debug|Any CPU.Build.0 = Debug|Any CPU
		{3267DB1D-B0A4-409A-AE93-2A330BEBB0CE}.Release|Any CPU.ActiveCfg = Release|Any CPU
		{3267DB1D-B0A4-409A-AE93-2A330BEBB0CE}.Release|Any CPU.Build.0 = Release|Any CPU
	EndGlobalSection
	GlobalSection(SolutionProperties) = preSolution
		HideSolutionNode = FALSE
	EndGlobalSection
	GlobalSection(ExtensibilityGlobals) = postSolution
		SolutionGuid = {2B0125D8-7027-4837-ABE7-3EE23FE588C9}
	EndGlobalSection
EndGlobal
